// !$*UTF8*$!
{
	archiveVersion = 1;
	classes = {
	};
	objectVersion = 77;
	objects = {

/* Begin PBXBuildFile section */
		DA0000102FAF00000012076D /* FocusLockDeviceActivityMonitor.appex in Embed Foundation Extensions */ = {isa = PBXBuildFile; fileRef = DA0000042FAF00000012076D /* FocusLockDeviceActivityMonitor.appex */; settings = {ATTRIBUTES = (RemoveHeadersOnCopy, ); }; };
		DA0000112FAF00000012076D /* DeviceActivity.framework in Frameworks */ = {isa = PBXBuildFile; fileRef = DA0000012FAF00000012076D /* DeviceActivity.framework */; };
		DA0000122FAF00000012076D /* DeviceActivity.framework in Frameworks */ = {isa = PBXBuildFile; fileRef = DA0000012FAF00000012076D /* DeviceActivity.framework */; };
		DA0000132FAF00000012076D /* ManagedSettings.framework in Frameworks */ = {isa = PBXBuildFile; fileRef = F173ED492FAE639A0012076D /* ManagedSettings.framework */; };
		DA0000142FAF00000012076D /* FamilyControls.framework in Frameworks */ = {isa = PBXBuildFile; fileRef = DA0000022FAF00000012076D /* FamilyControls.framework */; };
		DA0000162FAF00000012076D /* ManagedSettings.framework in Frameworks */ = {isa = PBXBuildFile; fileRef = F173ED492FAE639A0012076D /* ManagedSettings.framework */; };
		DA0000172FAF00000012076D /* FamilyControls.framework in Frameworks */ = {isa = PBXBuildFile; fileRef = DA0000022FAF00000012076D /* FamilyControls.framework */; };
		DA0000202FB000000012076D /* FocusLockDeviceActivityReport.appex in Embed Foundation Extensions */ = {isa = PBXBuildFile; fileRef = DA0000242FB000000012076D /* FocusLockDeviceActivityReport.appex */; settings = {ATTRIBUTES = (RemoveHeadersOnCopy, ); }; };
		DA0000212FB000000012076D /* DeviceActivity.framework in Frameworks */ = {isa = PBXBuildFile; fileRef = DA0000012FAF00000012076D /* DeviceActivity.framework */; };
		DA0000342FB000000012076D /* _DeviceActivity_SwiftUI.framework in Frameworks */ = {isa = PBXBuildFile; fileRef = DA0000362FB000000012076D /* _DeviceActivity_SwiftUI.framework */; };
		DA0000352FB000000012076D /* _DeviceActivity_SwiftUI.framework in Frameworks */ = {isa = PBXBuildFile; fileRef = DA0000362FB000000012076D /* _DeviceActivity_SwiftUI.framework */; };
		F173ED4A2FAE639A0012076D /* ManagedSettings.framework in Frameworks */ = {isa = PBXBuildFile; fileRef = F173ED492FAE639A0012076D /* ManagedSettings.framework */; };
		F173ED4C2FAE639A0012076D /* ManagedSettingsUI.framework in Frameworks */ = {isa = PBXBuildFile; fileRef = F173ED4B2FAE639A0012076D /* ManagedSettingsUI.framework */; };
		F173ED542FAE639A0012076D /* FocusLockShieldConfiguration.appex in Embed Foundation Extensions */ = {isa = PBXBuildFile; fileRef = F173ED472FAE63990012076D /* FocusLockShieldConfiguration.appex */; settings = {ATTRIBUTES = (RemoveHeadersOnCopy, ); }; };
/* End PBXBuildFile section */

/* Begin PBXContainerItemProxy section */
		DA00000E2FAF00000012076D /* PBXContainerItemProxy */ = {
			isa = PBXContainerItemProxy;
			containerPortal = 71209C192F1429F3008313C6 /* Project object */;
			proxyType = 1;
			remoteGlobalIDString = DA0000072FAF00000012076D;
			remoteInfo = FocusLockDeviceActivityMonitor;
		};
		DA0000222FB000000012076D /* PBXContainerItemProxy */ = {
			isa = PBXContainerItemProxy;
			containerPortal = 71209C192F1429F3008313C6 /* Project object */;
			proxyType = 1;
			remoteGlobalIDString = DA0000302FB000000012076D;
			remoteInfo = FocusLockDeviceActivityReport;
		};
		F173ED522FAE639A0012076D /* PBXContainerItemProxy */ = {
			isa = PBXContainerItemProxy;
			containerPortal = 71209C192F1429F3008313C6 /* Project object */;
			proxyType = 1;
			remoteGlobalIDString = F173ED462FAE63990012076D;
			remoteInfo = FocusLockShieldConfiguration;
		};
/* End PBXContainerItemProxy section */

/* Begin PBXCopyFilesBuildPhase section */
		F173ED552FAE639A0012076D /* Embed Foundation Extensions */ = {
			isa = PBXCopyFilesBuildPhase;
			buildActionMask = 2147483647;
			dstPath = "";
			dstSubfolderSpec = 13;
			files = (
				F173ED542FAE639A0012076D /* FocusLockShieldConfiguration.appex in Embed Foundation Extensions */,
				DA0000102FAF00000012076D /* FocusLockDeviceActivityMonitor.appex in Embed Foundation Extensions */,
				DA0000202FB000000012076D /* FocusLockDeviceActivityReport.appex in Embed Foundation Extensions */,
			);
			name = "Embed Foundation Extensions";
			runOnlyForDeploymentPostprocessing = 0;
		};
/* End PBXCopyFilesBuildPhase section */

/* Begin PBXFileReference section */
		71209C212F1429F3008313C6 /* focus-lock.app */ = {isa = PBXFileReference; explicitFileType = wrapper.application; includeInIndex = 0; path = "focus-lock.app"; sourceTree = BUILT_PRODUCTS_DIR; };
		71209C302F1429F4008313C6 /* Shared.xcconfig */ = {isa = PBXFileReference; lastKnownFileType = text.xcconfig; path = Shared.xcconfig; sourceTree = "<group>"; };
		71209C312F1429F4008313C6 /* Local.example.xcconfig */ = {isa = PBXFileReference; lastKnownFileType = text.xcconfig; path = Local.example.xcconfig; sourceTree = "<group>"; };
		71209C332F1429F4008313C6 /* Local.xcconfig */ = {isa = PBXFileReference; lastKnownFileType = text.xcconfig; path = Local.xcconfig; sourceTree = "<group>"; };
		71209C342F1429F4008313C6 /* focus-lock-Info.plist */ = {isa = PBXFileReference; lastKnownFileType = text.plist.xml; path = "focus-lock-Info.plist"; sourceTree = "<group>"; };
		DA0000012FAF00000012076D /* DeviceActivity.framework */ = {isa = PBXFileReference; lastKnownFileType = wrapper.framework; name = DeviceActivity.framework; path = System/Library/Frameworks/DeviceActivity.framework; sourceTree = SDKROOT; };
		DA0000022FAF00000012076D /* FamilyControls.framework */ = {isa = PBXFileReference; lastKnownFileType = wrapper.framework; name = FamilyControls.framework; path = System/Library/Frameworks/FamilyControls.framework; sourceTree = SDKROOT; };
		DA0000042FAF00000012076D /* FocusLockDeviceActivityMonitor.appex */ = {isa = PBXFileReference; explicitFileType = "wrapper.app-extension"; includeInIndex = 0; path = FocusLockDeviceActivityMonitor.appex; sourceTree = BUILT_PRODUCTS_DIR; };
		DA0000242FB000000012076D /* FocusLockDeviceActivityReport.appex */ = {isa = PBXFileReference; explicitFileType = "wrapper.app-extension"; includeInIndex = 0; path = FocusLockDeviceActivityReport.appex; sourceTree = BUILT_PRODUCTS_DIR; };
		DA0000362FB000000012076D /* _DeviceActivity_SwiftUI.framework */ = {isa = PBXFileReference; lastKnownFileType = wrapper.framework; name = _DeviceActivity_SwiftUI.framework; path = System/Library/Frameworks/_DeviceActivity_SwiftUI.framework; sourceTree = SDKROOT; };
		F173ED472FAE63990012076D /* FocusLockShieldConfiguration.appex */ = {isa = PBXFileReference; explicitFileType = "wrapper.app-extension"; includeInIndex = 0; path = FocusLockShieldConfiguration.appex; sourceTree = BUILT_PRODUCTS_DIR; };
		F173ED492FAE639A0012076D /* ManagedSettings.framework */ = {isa = PBXFileReference; lastKnownFileType = wrapper.framework; name = ManagedSettings.framework; path = System/Library/Frameworks/ManagedSettings.framework; sourceTree = SDKROOT; };
		F173ED4B2FAE639A0012076D /* ManagedSettingsUI.framework */ = {isa = PBXFileReference; lastKnownFileType = wrapper.framework; name = ManagedSettingsUI.framework; path = System/Library/Frameworks/ManagedSettingsUI.framework; sourceTree = SDKROOT; };
/* End PBXFileReference section */

/* Begin PBXFileSystemSynchronizedBuildFileExceptionSet section */
		DA0000062FAF00000012076D /* Exceptions for "FocusLockDeviceActivityMonitor" folder in "FocusLockDeviceActivityMonitor" target */ = {
			isa = PBXFileSystemSynchronizedBuildFileExceptionSet;
			membershipExceptions = (
				Info.plist,
			);
			target = DA0000072FAF00000012076D /* FocusLockDeviceActivityMonitor */;
		};
		DA0000252FB000000012076D /* Exceptions for "FocusLockDeviceActivityReport" folder in "FocusLockDeviceActivityReport" target */ = {
			isa = PBXFileSystemSynchronizedBuildFileExceptionSet;
			membershipExceptions = (
				Info.plist,
			);
			target = DA0000302FB000000012076D /* FocusLockDeviceActivityReport */;
		};
		F173ED582FAE639A0012076D /* Exceptions for "FocusLockShieldConfiguration" folder in "FocusLockShieldConfiguration" target */ = {
			isa = PBXFileSystemSynchronizedBuildFileExceptionSet;
			membershipExceptions = (
				Info.plist,
			);
			target = F173ED462FAE63990012076D /* FocusLockShieldConfiguration */;
		};
/* End PBXFileSystemSynchronizedBuildFileExceptionSet section */

/* Begin PBXFileSystemSynchronizedRootGroup section */
		71209C232F1429F3008313C6 /* focus-lock */ = {
			isa = PBXFileSystemSynchronizedRootGroup;
			path = "focus-lock";
			sourceTree = "<group>";
		};
		DA0000032FAF00000012076D /* Shared */ = {
			isa = PBXFileSystemSynchronizedRootGroup;
			path = Shared;
			sourceTree = "<group>";
		};
		DA0000052FAF00000012076D /* FocusLockDeviceActivityMonitor */ = {
			isa = PBXFileSystemSynchronizedRootGroup;
			exceptions = (
				DA0000062FAF00000012076D /* Exceptions for "FocusLockDeviceActivityMonitor" folder in "FocusLockDeviceActivityMonitor" target */,
			);
			path = FocusLockDeviceActivityMonitor;
			sourceTree = "<group>";
		};
		DA0000262FB000000012076D /* FocusLockDeviceActivityReport */ = {
			isa = PBXFileSystemSynchronizedRootGroup;
			exceptions = (
				DA0000252FB000000012076D /* Exceptions for "FocusLockDeviceActivityReport" folder in "FocusLockDeviceActivityReport" target */,
			);
			path = FocusLockDeviceActivityReport;
			sourceTree = "<group>";
		};
		F173ED4D2FAE639A0012076D /* FocusLockShieldConfiguration */ = {
			isa = PBXFileSystemSynchronizedRootGroup;
			exceptions = (
				F173ED582FAE639A0012076D /* Exceptions for "FocusLockShieldConfiguration" folder in "FocusLockShieldConfiguration" target */,
			);
			path = FocusLockShieldConfiguration;
			sourceTree = "<group>";
		};
/* End PBXFileSystemSynchronizedRootGroup section */

/* Begin PBXFrameworksBuildPhase section */
		71209C1E2F1429F3008313C6 /* Frameworks */ = {
			isa = PBXFrameworksBuildPhase;
			buildActionMask = 2147483647;
			files = (
				DA0000112FAF00000012076D /* DeviceActivity.framework in Frameworks */,
				DA0000342FB000000012076D /* _DeviceActivity_SwiftUI.framework in Frameworks */,
				DA0000162FAF00000012076D /* ManagedSettings.framework in Frameworks */,
				DA0000172FAF00000012076D /* FamilyControls.framework in Frameworks */,
			);
			runOnlyForDeploymentPostprocessing = 0;
		};
		DA0000092FAF00000012076D /* Frameworks */ = {
			isa = PBXFrameworksBuildPhase;
			buildActionMask = 2147483647;
			files = (
				DA0000122FAF00000012076D /* DeviceActivity.framework in Frameworks */,
				DA0000132FAF00000012076D /* ManagedSettings.framework in Frameworks */,
				DA0000142FAF00000012076D /* FamilyControls.framework in Frameworks */,
			);
			runOnlyForDeploymentPostprocessing = 0;
		};
		DA0000272FB000000012076D /* Frameworks */ = {
			isa = PBXFrameworksBuildPhase;
			buildActionMask = 2147483647;
			files = (
				DA0000212FB000000012076D /* DeviceActivity.framework in Frameworks */,
				DA0000352FB000000012076D /* _DeviceActivity_SwiftUI.framework in Frameworks */,
			);
			runOnlyForDeploymentPostprocessing = 0;
		};
		F173ED442FAE63990012076D /* Frameworks */ = {
			isa = PBXFrameworksBuildPhase;
			buildActionMask = 2147483647;
			files = (
				F173ED4A2FAE639A0012076D /* ManagedSettings.framework in Frameworks */,
				F173ED4C2FAE639A0012076D /* ManagedSettingsUI.framework in Frameworks */,
			);
			runOnlyForDeploymentPostprocessing = 0;
		};
/* End PBXFrameworksBuildPhase section */

/* Begin PBXGroup section */
		71209C182F1429F3008313C6 = {
			isa = PBXGroup;
			children = (
				71209C322F1429F4008313C6 /* Config */,
				DA0000032FAF00000012076D /* Shared */,
				71209C232F1429F3008313C6 /* focus-lock */,
				F173ED4D2FAE639A0012076D /* FocusLockShieldConfiguration */,
				DA0000052FAF00000012076D /* FocusLockDeviceActivityMonitor */,
				DA0000262FB000000012076D /* FocusLockDeviceActivityReport */,
				F173ED482FAE639A0012076D /* Frameworks */,
				71209C222F1429F3008313C6 /* Products */,
			);
			sourceTree = "<group>";
		};
		71209C222F1429F3008313C6 /* Products */ = {
			isa = PBXGroup;
			children = (
				71209C212F1429F3008313C6 /* focus-lock.app */,
				F173ED472FAE63990012076D /* FocusLockShieldConfiguration.appex */,
				DA0000042FAF00000012076D /* FocusLockDeviceActivityMonitor.appex */,
				DA0000242FB000000012076D /* FocusLockDeviceActivityReport.appex */,
			);
			name = Products;
			sourceTree = "<group>";
		};
		71209C322F1429F4008313C6 /* Config */ = {
			isa = PBXGroup;
			children = (
				71209C302F1429F4008313C6 /* Shared.xcconfig */,
				71209C312F1429F4008313C6 /* Local.example.xcconfig */,
				71209C332F1429F4008313C6 /* Local.xcconfig */,
				71209C342F1429F4008313C6 /* focus-lock-Info.plist */,
			);
			path = Config;
			sourceTree = "<group>";
		};
		F173ED482FAE639A0012076D /* Frameworks */ = {
			isa = PBXGroup;
			children = (
				DA0000012FAF00000012076D /* DeviceActivity.framework */,
				DA0000362FB000000012076D /* _DeviceActivity_SwiftUI.framework */,
				DA0000022FAF00000012076D /* FamilyControls.framework */,
				F173ED492FAE639A0012076D /* ManagedSettings.framework */,
				F173ED4B2FAE639A0012076D /* ManagedSettingsUI.framework */,
			);
			name = Frameworks;
			sourceTree = "<group>";
		};
/* End PBXGroup section */

/* Begin PBXNativeTarget section */
		71209C202F1429F3008313C6 /* focus-lock */ = {
			isa = PBXNativeTarget;
			buildConfigurationList = 71209C2C2F1429F4008313C6 /* Build configuration list for PBXNativeTarget "focus-lock" */;
			buildPhases = (
				71209C1D2F1429F3008313C6 /* Sources */,
				71209C1E2F1429F3008313C6 /* Frameworks */,
				71209C1F2F1429F3008313C6 /* Resources */,
				F173ED552FAE639A0012076D /* Embed Foundation Extensions */,
			);
			buildRules = (
			);
			dependencies = (
				F173ED532FAE639A0012076D /* PBXTargetDependency */,
				DA00000F2FAF00000012076D /* PBXTargetDependency */,
				DA0000232FB000000012076D /* PBXTargetDependency */,
			);
			fileSystemSynchronizedGroups = (
				71209C232F1429F3008313C6 /* focus-lock */,
				DA0000032FAF00000012076D /* Shared */,
			);
			name = "focus-lock";
			packageProductDependencies = (
			);
			productName = "focus-lock";
			productReference = 71209C212F1429F3008313C6 /* focus-lock.app */;
			productType = "com.apple.product-type.application";
		};
		DA0000072FAF00000012076D /* FocusLockDeviceActivityMonitor */ = {
			isa = PBXNativeTarget;
			buildConfigurationList = DA00000B2FAF00000012076D /* Build configuration list for PBXNativeTarget "FocusLockDeviceActivityMonitor" */;
			buildPhases = (
				DA0000082FAF00000012076D /* Sources */,
				DA0000092FAF00000012076D /* Frameworks */,
				DA00000A2FAF00000012076D /* Resources */,
			);
			buildRules = (
			);
			dependencies = (
			);
			fileSystemSynchronizedGroups = (
				DA0000032FAF00000012076D /* Shared */,
				DA0000052FAF00000012076D /* FocusLockDeviceActivityMonitor */,
			);
			name = FocusLockDeviceActivityMonitor;
			packageProductDependencies = (
			);
			productName = FocusLockDeviceActivityMonitor;
			productReference = DA0000042FAF00000012076D /* FocusLockDeviceActivityMonitor.appex */;
			productType = "com.apple.product-type.app-extension";
		};
		DA0000302FB000000012076D /* FocusLockDeviceActivityReport */ = {
			isa = PBXNativeTarget;
			buildConfigurationList = DA0000332FB000000012076D /* Build configuration list for PBXNativeTarget "FocusLockDeviceActivityReport" */;
			buildPhases = (
				DA0000282FB000000012076D /* Sources */,
				DA0000272FB000000012076D /* Frameworks */,
				DA0000292FB000000012076D /* Resources */,
			);
			buildRules = (
			);
			dependencies = (
			);
			fileSystemSynchronizedGroups = (
				DA0000262FB000000012076D /* FocusLockDeviceActivityReport */,
			);
			name = FocusLockDeviceActivityReport;
			packageProductDependencies = (
			);
			productName = FocusLockDeviceActivityReport;
			productReference = DA0000242FB000000012076D /* FocusLockDeviceActivityReport.appex */;
			productType = "com.apple.product-type.app-extension";
		};
		F173ED462FAE63990012076D /* FocusLockShieldConfiguration */ = {
			isa = PBXNativeTarget;
			buildConfigurationList = F173ED592FAE639A0012076D /* Build configuration list for PBXNativeTarget "FocusLockShieldConfiguration" */;
			buildPhases = (
				F173ED432FAE63990012076D /* Sources */,
				F173ED442FAE63990012076D /* Frameworks */,
				F173ED452FAE63990012076D /* Resources */,
			);
			buildRules = (
			);
			dependencies = (
			);
			fileSystemSynchronizedGroups = (
				F173ED4D2FAE639A0012076D /* FocusLockShieldConfiguration */,
			);
			name = FocusLockShieldConfiguration;
			packageProductDependencies = (
			);
			productName = FocusLockShieldConfiguration;
			productReference = F173ED472FAE63990012076D /* FocusLockShieldConfiguration.appex */;
			productType = "com.apple.product-type.app-extension";
		};
/* End PBXNativeTarget section */

/* Begin PBXProject section */
		71209C192F1429F3008313C6 /* Project object */ = {
			isa = PBXProject;
			attributes = {
				BuildIndependentTargetsInParallel = 1;
				LastSwiftUpdateCheck = 2620;
				LastUpgradeCheck = 2620;
				TargetAttributes = {
					71209C202F1429F3008313C6 = {
						CreatedOnToolsVersion = 26.2;
						SystemCapabilities = {
							com.apple.ApplicationGroups.iOS = {
								enabled = 1;
							};
						};
					};
					DA0000072FAF00000012076D = {
						CreatedOnToolsVersion = 26.2;
						SystemCapabilities = {
							com.apple.ApplicationGroups.iOS = {
								enabled = 1;
							};
						};
					};
					DA0000302FB000000012076D = {
						CreatedOnToolsVersion = 26.2;
					};
					F173ED462FAE63990012076D = {
						CreatedOnToolsVersion = 26.2;
					};
				};
			};
			buildConfigurationList = 71209C1C2F1429F3008313C6 /* Build configuration list for PBXProject "focus-lock" */;
			developmentRegion = en;
			hasScannedForEncodings = 0;
			knownRegions = (
				en,
				Base,
			);
			mainGroup = 71209C182F1429F3008313C6;
			minimizedProjectReferenceProxies = 1;
			preferredProjectObjectVersion = 77;
			productRefGroup = 71209C222F1429F3008313C6 /* Products */;
			projectDirPath = "";
			projectRoot = "";
			targets = (
				71209C202F1429F3008313C6 /* focus-lock */,
				F173ED462FAE63990012076D /* FocusLockShieldConfiguration */,
				DA0000072FAF00000012076D /* FocusLockDeviceActivityMonitor */,
				DA0000302FB000000012076D /* FocusLockDeviceActivityReport */,
			);
		};
/* End PBXProject section */

/* Begin PBXResourcesBuildPhase section */
		71209C1F2F1429F3008313C6 /* Resources */ = {
			isa = PBXResourcesBuildPhase;
			buildActionMask = 2147483647;
			files = (
			);
			runOnlyForDeploymentPostprocessing = 0;
		};
		DA00000A2FAF00000012076D /* Resources */ = {
			isa = PBXResourcesBuildPhase;
			buildActionMask = 2147483647;
			files = (
			);
			runOnlyForDeploymentPostprocessing = 0;
		};
		DA0000292FB000000012076D /* Resources */ = {
			isa = PBXResourcesBuildPhase;
			buildActionMask = 2147483647;
			files = (
			);
			runOnlyForDeploymentPostprocessing = 0;
		};
		F173ED452FAE63990012076D /* Resources */ = {
			isa = PBXResourcesBuildPhase;
			buildActionMask = 2147483647;
			files = (
			);
			runOnlyForDeploymentPostprocessing = 0;
		};
/* End PBXResourcesBuildPhase section */

/* Begin PBXSourcesBuildPhase section */
		71209C1D2F1429F3008313C6 /* Sources */ = {
			isa = PBXSourcesBuildPhase;
			buildActionMask = 2147483647;
			files = (
			);
			runOnlyForDeploymentPostprocessing = 0;
		};
		DA0000082FAF00000012076D /* Sources */ = {
			isa = PBXSourcesBuildPhase;
			buildActionMask = 2147483647;
			files = (
			);
			runOnlyForDeploymentPostprocessing = 0;
		};
		DA0000282FB000000012076D /* Sources */ = {
			isa = PBXSourcesBuildPhase;
			buildActionMask = 2147483647;
			files = (
			);
			runOnlyForDeploymentPostprocessing = 0;
		};
		F173ED432FAE63990012076D /* Sources */ = {
			isa = PBXSourcesBuildPhase;
			buildActionMask = 2147483647;
			files = (
			);
			runOnlyForDeploymentPostprocessing = 0;
		};
/* End PBXSourcesBuildPhase section */

/* Begin PBXTargetDependency section */
		DA00000F2FAF00000012076D /* PBXTargetDependency */ = {
			isa = PBXTargetDependency;
			target = DA0000072FAF00000012076D /* FocusLockDeviceActivityMonitor */;
			targetProxy = DA00000E2FAF00000012076D /* PBXContainerItemProxy */;
		};
		DA0000232FB000000012076D /* PBXTargetDependency */ = {
			isa = PBXTargetDependency;
			target = DA0000302FB000000012076D /* FocusLockDeviceActivityReport */;
			targetProxy = DA0000222FB000000012076D /* PBXContainerItemProxy */;
		};
		F173ED532FAE639A0012076D /* PBXTargetDependency */ = {
			isa = PBXTargetDependency;
			target = F173ED462FAE63990012076D /* FocusLockShieldConfiguration */;
			targetProxy = F173ED522FAE639A0012076D /* PBXContainerItemProxy */;
		};
/* End PBXTargetDependency section */

/* Begin XCBuildConfiguration section */
		71209C2A2F1429F4008313C6 /* Debug */ = {
			isa = XCBuildConfiguration;
			buildSettings = {
				ALWAYS_SEARCH_USER_PATHS = NO;
				ASSETCATALOG_COMPILER_GENERATE_SWIFT_ASSET_SYMBOL_EXTENSIONS = YES;
				CLANG_ANALYZER_NONNULL = YES;
				CLANG_ANALYZER_NUMBER_OBJECT_CONVERSION = YES_AGGRESSIVE;
				CLANG_CXX_LANGUAGE_STANDARD = "gnu++20";
				CLANG_ENABLE_MODULES = YES;
				CLANG_ENABLE_OBJC_ARC = YES;
				CLANG_ENABLE_OBJC_WEAK = YES;
				CLANG_WARN_BLOCK_CAPTURE_AUTORELEASING = YES;
				CLANG_WARN_BOOL_CONVERSION = YES;
				CLANG_WARN_COMMA = YES;
				CLANG_WARN_CONSTANT_CONVERSION = YES;
				CLANG_WARN_DEPRECATED_OBJC_IMPLEMENTATIONS = YES;
				CLANG_WARN_DIRECT_OBJC_ISA_USAGE = YES_ERROR;
				CLANG_WARN_DOCUMENTATION_COMMENTS = YES;
				CLANG_WARN_EMPTY_BODY = YES;
				CLANG_WARN_ENUM_CONVERSION = YES;
				CLANG_WARN_INFINITE_RECURSION = YES;
				CLANG_WARN_INT_CONVERSION = YES;
				CLANG_WARN_NON_LITERAL_NULL_CONVERSION = YES;
				CLANG_WARN_OBJC_IMPLICIT_RETAIN_SELF = YES;
				CLANG_WARN_OBJC_LITERAL_CONVERSION = YES;
				CLANG_WARN_OBJC_ROOT_CLASS = YES_ERROR;
				CLANG_WARN_QUOTED_INCLUDE_IN_FRAMEWORK_HEADER = YES;
				CLANG_WARN_RANGE_LOOP_ANALYSIS = YES;
				CLANG_WARN_STRICT_PROTOTYPES = YES;
				CLANG_WARN_SUSPICIOUS_MOVE = YES;
				CLANG_WARN_UNGUARDED_AVAILABILITY = YES_AGGRESSIVE;
				CLANG_WARN_UNREACHABLE_CODE = YES;
				CLANG_WARN__DUPLICATE_METHOD_MATCH = YES;
				COPY_PHASE_STRIP = NO;
				DEBUG_INFORMATION_FORMAT = dwarf;
				ENABLE_STRICT_OBJC_MSGSEND = YES;
				ENABLE_TESTABILITY = YES;
				ENABLE_USER_SCRIPT_SANDBOXING = YES;
				GCC_C_LANGUAGE_STANDARD = gnu17;
				GCC_DYNAMIC_NO_PIC = NO;
				GCC_NO_COMMON_BLOCKS = YES;
				GCC_OPTIMIZATION_LEVEL = 0;
				GCC_PREPROCESSOR_DEFINITIONS = (
					"DEBUG=1",
					"$(inherited)",
				);
				GCC_WARN_64_TO_32_BIT_CONVERSION = YES;
				GCC_WARN_ABOUT_RETURN_TYPE = YES_ERROR;
				GCC_WARN_UNDECLARED_SELECTOR = YES;
				GCC_WARN_UNINITIALIZED_AUTOS = YES_AGGRESSIVE;
				GCC_WARN_UNUSED_FUNCTION = YES;
				GCC_WARN_UNUSED_VARIABLE = YES;
				IPHONEOS_DEPLOYMENT_TARGET = 26.2;
				LOCALIZATION_PREFERS_STRING_CATALOGS = YES;
				MTL_ENABLE_DEBUG_INFO = INCLUDE_SOURCE;
				MTL_FAST_MATH = YES;
				ONLY_ACTIVE_ARCH = YES;
				SDKROOT = iphoneos;
				SWIFT_ACTIVE_COMPILATION_CONDITIONS = "DEBUG $(inherited)";
				SWIFT_OPTIMIZATION_LEVEL = "-Onone";
			};
			name = Debug;
		};
		71209C2B2F1429F4008313C6 /* Release */ = {
			isa = XCBuildConfiguration;
			buildSettings = {
				ALWAYS_SEARCH_USER_PATHS = NO;
				ASSETCATALOG_COMPILER_GENERATE_SWIFT_ASSET_SYMBOL_EXTENSIONS = YES;
				CLANG_ANALYZER_NONNULL = YES;
				CLANG_ANALYZER_NUMBER_OBJECT_CONVERSION = YES_AGGRESSIVE;
				CLANG_CXX_LANGUAGE_STANDARD = "gnu++20";
				CLANG_ENABLE_MODULES = YES;
				CLANG_ENABLE_OBJC_ARC = YES;
				CLANG_ENABLE_OBJC_WEAK = YES;
				CLANG_WARN_BLOCK_CAPTURE_AUTORELEASING = YES;
				CLANG_WARN_BOOL_CONVERSION = YES;
				CLANG_WARN_COMMA = YES;
				CLANG_WARN_CONSTANT_CONVERSION = YES;
				CLANG_WARN_DEPRECATED_OBJC_IMPLEMENTATIONS = YES;
				CLANG_WARN_DIRECT_OBJC_ISA_USAGE = YES_ERROR;
				CLANG_WARN_DOCUMENTATION_COMMENTS = YES;
				CLANG_WARN_EMPTY_BODY = YES;
				CLANG_WARN_ENUM_CONVERSION = YES;
				CLANG_WARN_INFINITE_RECURSION = YES;
				CLANG_WARN_INT_CONVERSION = YES;
				CLANG_WARN_NON_LITERAL_NULL_CONVERSION = YES;
				CLANG_WARN_OBJC_IMPLICIT_RETAIN_SELF = YES;
				CLANG_WARN_OBJC_LITERAL_CONVERSION = YES;
				CLANG_WARN_OBJC_ROOT_CLASS = YES_ERROR;
				CLANG_WARN_QUOTED_INCLUDE_IN_FRAMEWORK_HEADER = YES;
				CLANG_WARN_RANGE_LOOP_ANALYSIS = YES;
				CLANG_WARN_STRICT_PROTOTYPES = YES;
				CLANG_WARN_SUSPICIOUS_MOVE = YES;
				CLANG_WARN_UNGUARDED_AVAILABILITY = YES_AGGRESSIVE;
				CLANG_WARN_UNREACHABLE_CODE = YES;
				CLANG_WARN__DUPLICATE_METHOD_MATCH = YES;
				COPY_PHASE_STRIP = NO;
				DEBUG_INFORMATION_FORMAT = "dwarf-with-dsym";
				ENABLE_NS_ASSERTIONS = NO;
				ENABLE_STRICT_OBJC_MSGSEND = YES;
				ENABLE_USER_SCRIPT_SANDBOXING = YES;
				GCC_C_LANGUAGE_STANDARD = gnu17;
				GCC_NO_COMMON_BLOCKS = YES;
				GCC_WARN_64_TO_32_BIT_CONVERSION = YES;
				GCC_WARN_ABOUT_RETURN_TYPE = YES_ERROR;
				GCC_WARN_UNDECLARED_SELECTOR = YES;
				GCC_WARN_UNINITIALIZED_AUTOS = YES_AGGRESSIVE;
				GCC_WARN_UNUSED_FUNCTION = YES;
				GCC_WARN_UNUSED_VARIABLE = YES;
				IPHONEOS_DEPLOYMENT_TARGET = 26.2;
				LOCALIZATION_PREFERS_STRING_CATALOGS = YES;
				MTL_ENABLE_DEBUG_INFO = NO;
				MTL_FAST_MATH = YES;
				SDKROOT = iphoneos;
				SWIFT_COMPILATION_MODE = wholemodule;
				VALIDATE_PRODUCT = YES;
			};
			name = Release;
		};
		71209C2D2F1429F4008313C6 /* Debug */ = {
			isa = XCBuildConfiguration;
			baseConfigurationReference = 71209C302F1429F4008313C6 /* Shared.xcconfig */;
			buildSettings = {
				ASSETCATALOG_COMPILER_APPICON_NAME = AppIcon;
				ASSETCATALOG_COMPILER_GLOBAL_ACCENT_COLOR_NAME = AccentColor;
				CODE_SIGN_ENTITLEMENTS = "focus-lock/focus-lock.entitlements";
				CODE_SIGN_IDENTITY = "Apple Development";
				CODE_SIGN_STYLE = Automatic;
				CURRENT_PROJECT_VERSION = 1;
				ENABLE_PREVIEWS = YES;
				GENERATE_INFOPLIST_FILE = NO;
				INFOPLIST_FILE = "Config/focus-lock-Info.plist";
				LD_RUNPATH_SEARCH_PATHS = (
					"$(inherited)",
					"@executable_path/Frameworks",
				);
				MARKETING_VERSION = 1.0;
				PRODUCT_BUNDLE_IDENTIFIER = "$(APP_BUNDLE_ID)";
				PRODUCT_NAME = "$(TARGET_NAME)";
				PROVISIONING_PROFILE_SPECIFIER = "";
				REGISTER_APP_GROUPS = YES;
				STRING_CATALOG_GENERATE_SYMBOLS = YES;
				SWIFT_APPROACHABLE_CONCURRENCY = YES;
				SWIFT_DEFAULT_ACTOR_ISOLATION = MainActor;
				SWIFT_EMIT_LOC_STRINGS = YES;
				SWIFT_UPCOMING_FEATURE_MEMBER_IMPORT_VISIBILITY = YES;
				SWIFT_VERSION = 5.0;
				TARGETED_DEVICE_FAMILY = "1,2";
			};
			name = Debug;
		};
		71209C2E2F1429F4008313C6 /* Release */ = {
			isa = XCBuildConfiguration;
			baseConfigurationReference = 71209C302F1429F4008313C6 /* Shared.xcconfig */;
			buildSettings = {
				ASSETCATALOG_COMPILER_APPICON_NAME = AppIcon;
				ASSETCATALOG_COMPILER_GLOBAL_ACCENT_COLOR_NAME = AccentColor;
				CODE_SIGN_ENTITLEMENTS = "focus-lock/focus-lock.entitlements";
				CODE_SIGN_IDENTITY = "Apple Development";
				CODE_SIGN_STYLE = Automatic;
				CURRENT_PROJECT_VERSION = 1;
				ENABLE_PREVIEWS = YES;
				GENERATE_INFOPLIST_FILE = NO;
				INFOPLIST_FILE = "Config/focus-lock-Info.plist";
				LD_RUNPATH_SEARCH_PATHS = (
					"$(inherited)",
					"@executable_path/Frameworks",
				);
				MARKETING_VERSION = 1.0;
				PRODUCT_BUNDLE_IDENTIFIER = "$(APP_BUNDLE_ID)";
				PRODUCT_NAME = "$(TARGET_NAME)";
				PROVISIONING_PROFILE_SPECIFIER = "";
				REGISTER_APP_GROUPS = YES;
				STRING_CATALOG_GENERATE_SYMBOLS = YES;
				SWIFT_APPROACHABLE_CONCURRENCY = YES;
				SWIFT_DEFAULT_ACTOR_ISOLATION = MainActor;
				SWIFT_EMIT_LOC_STRINGS = YES;
				SWIFT_UPCOMING_FEATURE_MEMBER_IMPORT_VISIBILITY = YES;
				SWIFT_VERSION = 5.0;
				TARGETED_DEVICE_FAMILY = "1,2";
			};
			name = Release;
		};
		DA00000C2FAF00000012076D /* Debug */ = {
			isa = XCBuildConfiguration;
			baseConfigurationReference = 71209C302F1429F4008313C6 /* Shared.xcconfig */;
			buildSettings = {
				APPLICATION_EXTENSION_API_ONLY = YES;
				CODE_SIGN_ENTITLEMENTS = FocusLockDeviceActivityMonitor/FocusLockDeviceActivityMonitor.entitlements;
				CODE_SIGN_IDENTITY = "Apple Development";
				CODE_SIGN_STYLE = Automatic;
				COPY_PHASE_STRIP = NO;
				GCC_DYNAMIC_NO_PIC = NO;
				GCC_OPTIMIZATION_LEVEL = 0;
				GENERATE_INFOPLIST_FILE = NO;
				INFOPLIST_FILE = FocusLockDeviceActivityMonitor/Info.plist;
				PRODUCT_BUNDLE_IDENTIFIER = "$(APP_BUNDLE_ID).FocusLockDeviceActivityMonitor";
				PRODUCT_NAME = FocusLockDeviceActivityMonitor;
				REGISTER_APP_GROUPS = YES;
				SWIFT_VERSION = 5.0;
			};
			name = Debug;
		};
		DA00000D2FAF00000012076D /* Release */ = {
			isa = XCBuildConfiguration;
			baseConfigurationReference = 71209C302F1429F4008313C6 /* Shared.xcconfig */;
			buildSettings = {
				APPLICATION_EXTENSION_API_ONLY = YES;
				CODE_SIGN_ENTITLEMENTS = FocusLockDeviceActivityMonitor/FocusLockDeviceActivityMonitor.entitlements;
				CODE_SIGN_IDENTITY = "Apple Development";
				CODE_SIGN_STYLE = Automatic;
				COPY_PHASE_STRIP = YES;
				DEBUG_INFORMATION_FORMAT = "dwarf-with-dsym";
				GENERATE_INFOPLIST_FILE = NO;
				INFOPLIST_FILE = FocusLockDeviceActivityMonitor/Info.plist;
				PRODUCT_BUNDLE_IDENTIFIER = "$(APP_BUNDLE_ID).FocusLockDeviceActivityMonitor";
				PRODUCT_NAME = FocusLockDeviceActivityMonitor;
				REGISTER_APP_GROUPS = YES;
				SWIFT_VERSION = 5.0;
			};
			name = Release;
		};
		DA0000312FB000000012076D /* Debug */ = {
			isa = XCBuildConfiguration;
			baseConfigurationReference = 71209C302F1429F4008313C6 /* Shared.xcconfig */;
			buildSettings = {
				APPLICATION_EXTENSION_API_ONLY = YES;
				CODE_SIGN_ENTITLEMENTS = FocusLockDeviceActivityReport/FocusLockDeviceActivityReport.entitlements;
				CODE_SIGN_IDENTITY = "Apple Development";
				CODE_SIGN_STYLE = Automatic;
				COPY_PHASE_STRIP = NO;
				GCC_DYNAMIC_NO_PIC = NO;
				GCC_OPTIMIZATION_LEVEL = 0;
				GENERATE_INFOPLIST_FILE = NO;
				INFOPLIST_FILE = FocusLockDeviceActivityReport/Info.plist;
				PRODUCT_BUNDLE_IDENTIFIER = "$(APP_BUNDLE_ID).FocusLockDeviceActivityReport";
				PRODUCT_NAME = FocusLockDeviceActivityReport;
				SWIFT_VERSION = 5.0;
			};
			name = Debug;
		};
		DA0000322FB000000012076D /* Release */ = {
			isa = XCBuildConfiguration;
			baseConfigurationReference = 71209C302F1429F4008313C6 /* Shared.xcconfig */;
			buildSettings = {
				APPLICATION_EXTENSION_API_ONLY = YES;
				CODE_SIGN_ENTITLEMENTS = FocusLockDeviceActivityReport/FocusLockDeviceActivityReport.entitlements;
				CODE_SIGN_IDENTITY = "Apple Development";
				CODE_SIGN_STYLE = Automatic;
				COPY_PHASE_STRIP = YES;
				DEBUG_INFORMATION_FORMAT = "dwarf-with-dsym";
				GENERATE_INFOPLIST_FILE = NO;
				INFOPLIST_FILE = FocusLockDeviceActivityReport/Info.plist;
				PRODUCT_BUNDLE_IDENTIFIER = "$(APP_BUNDLE_ID).FocusLockDeviceActivityReport";
				PRODUCT_NAME = FocusLockDeviceActivityReport;
				SWIFT_VERSION = 5.0;
			};
			name = Release;
		};
		F173EDE62FAFD0260012076D /* Debug */ = {
			isa = XCBuildConfiguration;
			baseConfigurationReference = 71209C302F1429F4008313C6 /* Shared.xcconfig */;
			buildSettings = {
				COPY_PHASE_STRIP = NO;
				GCC_DYNAMIC_NO_PIC = NO;
				GCC_OPTIMIZATION_LEVEL = 0;
				GENERATE_INFOPLIST_FILE = NO;
				INFOPLIST_FILE = FocusLockShieldConfiguration/Info.plist;
				PRODUCT_BUNDLE_IDENTIFIER = "$(APP_BUNDLE_ID).FocusLockShieldConfiguration";
				PRODUCT_NAME = FocusLockShieldConfiguration;
				SWIFT_VERSION = 5.0;
			};
			name = Debug;
		};
		F173EDE72FAFD0260012076D /* Release */ = {
			isa = XCBuildConfiguration;
			baseConfigurationReference = 71209C302F1429F4008313C6 /* Shared.xcconfig */;
			buildSettings = {
				COPY_PHASE_STRIP = YES;
				DEBUG_INFORMATION_FORMAT = "dwarf-with-dsym";
				GENERATE_INFOPLIST_FILE = NO;
				INFOPLIST_FILE = FocusLockShieldConfiguration/Info.plist;
				PRODUCT_BUNDLE_IDENTIFIER = "$(APP_BUNDLE_ID).FocusLockShieldConfiguration";
				PRODUCT_NAME = FocusLockShieldConfiguration;
				SWIFT_VERSION = 5.0;
			};
			name = Release;
		};
/* End XCBuildConfiguration section */

/* Begin XCConfigurationList section */
		71209C1C2F1429F3008313C6 /* Build configuration list for PBXProject "focus-lock" */ = {
			isa = XCConfigurationList;
			buildConfigurations = (
				71209C2A2F1429F4008313C6 /* Debug */,
				71209C2B2F1429F4008313C6 /* Release */,
			);
			defaultConfigurationIsVisible = 0;
			defaultConfigurationName = Release;
		};
		71209C2C2F1429F4008313C6 /* Build configuration list for PBXNativeTarget "focus-lock" */ = {
			isa = XCConfigurationList;
			buildConfigurations = (
				71209C2D2F1429F4008313C6 /* Debug */,
				71209C2E2F1429F4008313C6 /* Release */,
			);
			defaultConfigurationIsVisible = 0;
			defaultConfigurationName = Release;
		};
		DA00000B2FAF00000012076D /* Build configuration list for PBXNativeTarget "FocusLockDeviceActivityMonitor" */ = {
			isa = XCConfigurationList;
			buildConfigurations = (
				DA00000C2FAF00000012076D /* Debug */,
				DA00000D2FAF00000012076D /* Release */,
			);
			defaultConfigurationIsVisible = 0;
			defaultConfigurationName = Release;
		};
		DA0000332FB000000012076D /* Build configuration list for PBXNativeTarget "FocusLockDeviceActivityReport" */ = {
			isa = XCConfigurationList;
			buildConfigurations = (
				DA0000312FB000000012076D /* Debug */,
				DA0000322FB000000012076D /* Release */,
			);
			defaultConfigurationIsVisible = 0;
			defaultConfigurationName = Release;
		};
		F173ED592FAE639A0012076D /* Build configuration list for PBXNativeTarget "FocusLockShieldConfiguration" */ = {
			isa = XCConfigurationList;
			buildConfigurations = (
				F173EDE62FAFD0260012076D /* Debug */,
				F173EDE72FAFD0260012076D /* Release */,
			);
			defaultConfigurationIsVisible = 0;
			defaultConfigurationName = Release;
		};
/* End XCConfigurationList section */
	};
	rootObject = 71209C192F1429F3008313C6 /* Project object */;
}
